// !$*UTF8*$!
{
	archiveVersion = 1;
	classes = {
	};
	objectVersion = 50;
	objects = {

/* Begin PBXBuildFile section */
		E388042521BE109D00A1CEBD /* AppDelegate.swift in Sources */ = {isa = PBXBuildFile; fileRef = E388042421BE109D00A1CEBD /* AppDelegate.swift */; };
		E388042721BE109E00A1CEBD /* Assets.xcassets in Resources */ = {isa = PBXBuildFile; fileRef = E388042621BE109E00A1CEBD /* Assets.xcassets */; };
		E388042A21BE109E00A1CEBD /* MainMenu.xib in Resources */ = {isa = PBXBuildFile; fileRef = E388042821BE109E00A1CEBD /* MainMenu.xib */; };
		E388043921BE10B700A1CEBD /* Cocoa.framework in Frameworks */ = {isa = PBXBuildFile; fileRef = E388043821BE10B700A1CEBD /* Cocoa.framework */; };
		E388043C21BE10B700A1CEBD /* SafariExtensionHandler.swift in Sources */ = {isa = PBXBuildFile; fileRef = E388043B21BE10B700A1CEBD /* SafariExtensionHandler.swift */; };
		E388043E21BE10B700A1CEBD /* SafariExtensionViewController.swift in Sources */ = {isa = PBXBuildFile; fileRef = E388043D21BE10B700A1CEBD /* SafariExtensionViewController.swift */; };
		E388044121BE10B700A1CEBD /* SafariExtensionViewController.xib in Resources */ = {isa = PBXBuildFile; fileRef = E388043F21BE10B700A1CEBD /* SafariExtensionViewController.xib */; };
		E388044A21BE10B700A1CEBD /* SafariExtension.appex in Embed App Extensions */ = {isa = PBXBuildFile; fileRef = E388043621BE10B700A1CEBD /* SafariExtension.appex */; settings = {ATTRIBUTES = (RemoveHeadersOnCopy, ); }; };
		E388045421BE124D00A1CEBD /* js-off.pdf in Resources */ = {isa = PBXBuildFile; fileRef = E388044F21BE124C00A1CEBD /* js-off.pdf */; };
		E388045521BE124D00A1CEBD /* prettyJSON.js in Resources */ = {isa = PBXBuildFile; fileRef = E388045021BE124D00A1CEBD /* prettyJSON.js */; };
		E388045621BE124D00A1CEBD /* js-dis.pdf in Resources */ = {isa = PBXBuildFile; fileRef = E388045121BE124D00A1CEBD /* js-dis.pdf */; };
		E388045721BE124D00A1CEBD /* js-on.pdf in Resources */ = {isa = PBXBuildFile; fileRef = E388045221BE124D00A1CEBD /* js-on.pdf */; };
		E388045821BE124D00A1CEBD /* prettyJSON.css in Resources */ = {isa = PBXBuildFile; fileRef = E388045321BE124D00A1CEBD /* prettyJSON.css */; };
		E388045C21BE16DC00A1CEBD /* AppIcon.icns in Resources */ = {isa = PBXBuildFile; fileRef = E388045B21BE16DC00A1CEBD /* AppIcon.icns */; };
		E388045D21BE16DC00A1CEBD /* AppIcon.icns in Resources */ = {isa = PBXBuildFile; fileRef = E388045B21BE16DC00A1CEBD /* AppIcon.icns */; };
/* End PBXBuildFile section */

/* Begin PBXContainerItemProxy section */
		E388044821BE10B700A1CEBD /* PBXContainerItemProxy */ = {
			isa = PBXContainerItemProxy;
			containerPortal = E388041921BE109D00A1CEBD /* Project object */;
			proxyType = 1;
			remoteGlobalIDString = E388043521BE10B700A1CEBD;
			remoteInfo = SafariExtension;
		};
/* End PBXContainerItemProxy section */

/* Begin PBXCopyFilesBuildPhase section */
		E388044E21BE10B700A1CEBD /* Embed App Extensions */ = {
			isa = PBXCopyFilesBuildPhase;
			buildActionMask = 2147483647;
			dstPath = "";
			dstSubfolderSpec = 13;
			files = (
				E388044A21BE10B700A1CEBD /* SafariExtension.appex in Embed App Extensions */,
			);
			name = "Embed App Extensions";
			runOnlyForDeploymentPostprocessing = 0;
		};
/* End PBXCopyFilesBuildPhase section */

/* Begin PBXFileReference section */
		E388042121BE109D00A1CEBD /* PrettyJSON for Safari.app */ = {isa = PBXFileReference; explicitFileType = wrapper.application; includeInIndex = 0; path = "PrettyJSON for Safari.app"; sourceTree = BUILT_PRODUCTS_DIR; };
		E388042421BE109D00A1CEBD /* AppDelegate.swift */ = {isa = PBXFileReference; lastKnownFileType = sourcecode.swift; path = AppDelegate.swift; sourceTree = "<group>"; };
		E388042621BE109E00A1CEBD /* Assets.xcassets */ = {isa = PBXFileReference; lastKnownFileType = folder.assetcatalog; path = Assets.xcassets; sourceTree = "<group>"; };
		E388042921BE109E00A1CEBD /* Base */ = {isa = PBXFileReference; lastKnownFileType = file.xib; name = Base; path = Base.lproj/MainMenu.xib; sourceTree = "<group>"; };
		E388042B21BE109E00A1CEBD /* Info.plist */ = {isa = PBXFileReference; lastKnownFileType = text.plist.xml; path = Info.plist; sourceTree = "<group>"; };
		E388042C21BE109E00A1CEBD /* PrettyJSON.entitlements */ = {isa = PBXFileReference; lastKnownFileType = text.plist.entitlements; path = PrettyJSON.entitlements; sourceTree = "<group>"; };
		E388043621BE10B700A1CEBD /* SafariExtension.appex */ = {isa = PBXFileReference; explicitFileType = "wrapper.app-extension"; includeInIndex = 0; path = SafariExtension.appex; sourceTree = BUILT_PRODUCTS_DIR; };
		E388043821BE10B700A1CEBD /* Cocoa.framework */ = {isa = PBXFileReference; lastKnownFileType = wrapper.framework; name = Cocoa.framework; path = System/Library/Frameworks/Cocoa.framework; sourceTree = SDKROOT; };
		E388043B21BE10B700A1CEBD /* SafariExtensionHandler.swift */ = {isa = PBXFileReference; lastKnownFileType = sourcecode.swift; path = SafariExtensionHandler.swift; sourceTree = "<group>"; };
		E388043D21BE10B700A1CEBD /* SafariExtensionViewController.swift */ = {isa = PBXFileReference; lastKnownFileType = sourcecode.swift; path = SafariExtensionViewController.swift; sourceTree = "<group>"; };
		E388044021BE10B700A1CEBD /* Base */ = {isa = PBXFileReference; lastKnownFileType = file.xib; name = Base; path = Base.lproj/SafariExtensionViewController.xib; sourceTree = "<group>"; };
		E388044221BE10B700A1CEBD /* Info.plist */ = {isa = PBXFileReference; lastKnownFileType = text.plist.xml; path = Info.plist; sourceTree = "<group>"; };
		E388044721BE10B700A1CEBD /* SafariExtension.entitlements */ = {isa = PBXFileReference; lastKnownFileType = text.plist.entitlements; path = SafariExtension.entitlements; sourceTree = "<group>"; };
		E388044F21BE124C00A1CEBD /* js-off.pdf */ = {isa = PBXFileReference; lastKnownFileType = image.pdf; path = "js-off.pdf"; sourceTree = "<group>"; };
		E388045021BE124D00A1CEBD /* prettyJSON.js */ = {isa = PBXFileReference; fileEncoding = 4; lastKnownFileType = sourcecode.javascript; path = prettyJSON.js; sourceTree = "<group>"; };
		E388045121BE124D00A1CEBD /* js-dis.pdf */ = {isa = PBXFileReference; lastKnownFileType = image.pdf; path = "js-dis.pdf"; sourceTree = "<group>"; };
		E388045221BE124D00A1CEBD /* js-on.pdf */ = {isa = PBXFileReference; lastKnownFileType = image.pdf; path = "js-on.pdf"; sourceTree = "<group>"; };
		E388045321BE124D00A1CEBD /* prettyJSON.css */ = {isa = PBXFileReference; fileEncoding = 4; lastKnownFileType = text.css; path = prettyJSON.css; sourceTree = "<group>"; };
		E388045B21BE16DC00A1CEBD /* AppIcon.icns */ = {isa = PBXFileReference; lastKnownFileType = image.icns; path = AppIcon.icns; sourceTree = "<group>"; };
/* End PBXFileReference section */

/* Begin PBXFrameworksBuildPhase section */
		E388041E21BE109D00A1CEBD /* Frameworks */ = {
			isa = PBXFrameworksBuildPhase;
			buildActionMask = 2147483647;
			files = (
			);
			runOnlyForDeploymentPostprocessing = 0;
		};
		E388043321BE10B700A1CEBD /* Frameworks */ = {
			isa = PBXFrameworksBuildPhase;
			buildActionMask = 2147483647;
			files = (
				E388043921BE10B700A1CEBD /* Cocoa.framework in Frameworks */,
			);
			runOnlyForDeploymentPostprocessing = 0;
		};
/* End PBXFrameworksBuildPhase section */

/* Begin PBXGroup section */
		E388041821BE109D00A1CEBD = {
			isa = PBXGroup;
			children = (
				E388042321BE109D00A1CEBD /* PrettyJSON */,
				E388043A21BE10B700A1CEBD /* SafariExtension */,
				E388043721BE10B700A1CEBD /* Frameworks */,
				E388042221BE109D00A1CEBD /* Products */,
			);
			sourceTree = "<group>";
		};
		E388042221BE109D00A1CEBD /* Products */ = {
			isa = PBXGroup;
			children = (
				E388042121BE109D00A1CEBD /* PrettyJSON for Safari.app */,
				E388043621BE10B700A1CEBD /* SafariExtension.appex */,
			);
			name = Products;
			sourceTree = "<group>";
		};
		E388042321BE109D00A1CEBD /* PrettyJSON */ = {
			isa = PBXGroup;
			children = (
				E388042421BE109D00A1CEBD /* AppDelegate.swift */,
				E388045B21BE16DC00A1CEBD /* AppIcon.icns */,
				E388042621BE109E00A1CEBD /* Assets.xcassets */,
				E388042821BE109E00A1CEBD /* MainMenu.xib */,
				E388042B21BE109E00A1CEBD /* Info.plist */,
				E388042C21BE109E00A1CEBD /* PrettyJSON.entitlements */,
			);
			path = PrettyJSON;
			sourceTree = "<group>";
		};
		E388043721BE10B700A1CEBD /* Frameworks */ = {
			isa = PBXGroup;
			children = (
				E388043821BE10B700A1CEBD /* Cocoa.framework */,
			);
			name = Frameworks;
			sourceTree = "<group>";
		};
		E388043A21BE10B700A1CEBD /* SafariExtension */ = {
			isa = PBXGroup;
			children = (
				E388045121BE124D00A1CEBD /* js-dis.pdf */,
				E388044F21BE124C00A1CEBD /* js-off.pdf */,
				E388045221BE124D00A1CEBD /* js-on.pdf */,
				E388045321BE124D00A1CEBD /* prettyJSON.css */,
				E388045021BE124D00A1CEBD /* prettyJSON.js */,
				E388043B21BE10B700A1CEBD /* SafariExtensionHandler.swift */,
				E388043D21BE10B700A1CEBD /* SafariExtensionViewController.swift */,
				E388043F21BE10B700A1CEBD /* SafariExtensionViewController.xib */,
				E388044221BE10B700A1CEBD /* Info.plist */,
				E388044721BE10B700A1CEBD /* SafariExtension.entitlements */,
			);
			path = SafariExtension;
			sourceTree = "<group>";
		};
/* End PBXGroup section */

/* Begin PBXNativeTarget section */
		E388042021BE109D00A1CEBD /* PrettyJSON for Safari */ = {
			isa = PBXNativeTarget;
			buildConfigurationList = E388042F21BE109E00A1CEBD /* Build configuration list for PBXNativeTarget "PrettyJSON for Safari" */;
			buildPhases = (
				E388041D21BE109D00A1CEBD /* Sources */,
				E388041E21BE109D00A1CEBD /* Frameworks */,
				E388041F21BE109D00A1CEBD /* Resources */,
				E388044E21BE10B700A1CEBD /* Embed App Extensions */,
			);
			buildRules = (
			);
			dependencies = (
				E388044921BE10B700A1CEBD /* PBXTargetDependency */,
			);
			name = "PrettyJSON for Safari";
			productName = PrettyJSON;
			productReference = E388042121BE109D00A1CEBD /* PrettyJSON for Safari.app */;
			productType = "com.apple.product-type.application";
		};
		E388043521BE10B700A1CEBD /* SafariExtension */ = {
			isa = PBXNativeTarget;
			buildConfigurationList = E388044B21BE10B700A1CEBD /* Build configuration list for PBXNativeTarget "SafariExtension" */;
			buildPhases = (
				E388043221BE10B700A1CEBD /* Sources */,
				E388043321BE10B700A1CEBD /* Frameworks */,
				E388043421BE10B700A1CEBD /* Resources */,
			);
			buildRules = (
			);
			dependencies = (
			);
			name = SafariExtension;
			productName = SafariExtension;
			productReference = E388043621BE10B700A1CEBD /* SafariExtension.appex */;
			productType = "com.apple.product-type.app-extension";
		};
/* End PBXNativeTarget section */

/* Begin PBXProject section */
		E388041921BE109D00A1CEBD /* Project object */ = {
			isa = PBXProject;
			attributes = {
				LastSwiftUpdateCheck = 1010;
				LastUpgradeCheck = 1150;
				ORGANIZATIONNAME = shaumur.ai;
				TargetAttributes = {
					E388042021BE109D00A1CEBD = {
						CreatedOnToolsVersion = 10.1;
						LastSwiftMigration = 1150;
					};
					E388043521BE10B700A1CEBD = {
						CreatedOnToolsVersion = 10.1;
						LastSwiftMigration = 1150;
					};
				};
			};
			buildConfigurationList = E388041C21BE109D00A1CEBD /* Build configuration list for PBXProject "PrettyJSON for Safari" */;
			compatibilityVersion = "Xcode 9.3";
			developmentRegion = en;
			hasScannedForEncodings = 0;
			knownRegions = (
				en,
				Base,
			);
			mainGroup = E388041821BE109D00A1CEBD;
			productRefGroup = E388042221BE109D00A1CEBD /* Products */;
			projectDirPath = "";
			projectRoot = "";
			targets = (
				E388042021BE109D00A1CEBD /* PrettyJSON for Safari */,
				E388043521BE10B700A1CEBD /* SafariExtension */,
			);
		};
/* End PBXProject section */

/* Begin PBXResourcesBuildPhase section */
		E388041F21BE109D00A1CEBD /* Resources */ = {
			isa = PBXResourcesBuildPhase;
			buildActionMask = 2147483647;
			files = (
				E388042721BE109E00A1CEBD /* Assets.xcassets in Resources */,
				E388042A21BE109E00A1CEBD /* MainMenu.xib in Resources */,
				E388045C21BE16DC00A1CEBD /* AppIcon.icns in Resources */,
			);
			runOnlyForDeploymentPostprocessing = 0;
		};
		E388043421BE10B700A1CEBD /* Resources */ = {
			isa = PBXResourcesBuildPhase;
			buildActionMask = 2147483647;
			files = (
				E388045721BE124D00A1CEBD /* js-on.pdf in Resources */,
				E388045621BE124D00A1CEBD /* js-dis.pdf in Resources */,
				E388044121BE10B700A1CEBD /* SafariExtensionViewController.xib in Resources */,
				E388045D21BE16DC00A1CEBD /* AppIcon.icns in Resources */,
				E388045421BE124D00A1CEBD /* js-off.pdf in Resources */,
				E388045521BE124D00A1CEBD /* prettyJSON.js in Resources */,
				E388045821BE124D00A1CEBD /* prettyJSON.css in Resources */,
			);
			runOnlyForDeploymentPostprocessing = 0;
		};
/* End PBXResourcesBuildPhase section */

/* Begin PBXSourcesBuildPhase section */
		E388041D21BE109D00A1CEBD /* Sources */ = {
			isa = PBXSourcesBuildPhase;
			buildActionMask = 2147483647;
			files = (
				E388042521BE109D00A1CEBD /* AppDelegate.swift in Sources */,
			);
			runOnlyForDeploymentPostprocessing = 0;
		};
		E388043221BE10B700A1CEBD /* Sources */ = {
			isa = PBXSourcesBuildPhase;
			buildActionMask = 2147483647;
			files = (
				E388043E21BE10B700A1CEBD /* SafariExtensionViewController.swift in Sources */,
				E388043C21BE10B700A1CEBD /* SafariExtensionHandler.swift in Sources */,
			);
			runOnlyForDeploymentPostprocessing = 0;
		};
/* End PBXSourcesBuildPhase section */

/* Begin PBXTargetDependency section */
		E388044921BE10B700A1CEBD /* PBXTargetDependency */ = {
			isa = PBXTargetDependency;
			target = E388043521BE10B700A1CEBD /* SafariExtension */;
			targetProxy = E388044821BE10B700A1CEBD /* PBXContainerItemProxy */;
		};
/* End PBXTargetDependency section */

/* Begin PBXVariantGroup section */
		E388042821BE109E00A1CEBD /* MainMenu.xib */ = {
			isa = PBXVariantGroup;
			children = (
				E388042921BE109E00A1CEBD /* Base */,
			);
			name = MainMenu.xib;
			sourceTree = "<group>";
		};
		E388043F21BE10B700A1CEBD /* SafariExtensionViewController.xib */ = {
			isa = PBXVariantGroup;
			children = (
				E388044021BE10B700A1CEBD /* Base */,
			);
			name = SafariExtensionViewController.xib;
			sourceTree = "<group>";
		};
/* End PBXVariantGroup section */

/* Begin XCBuildConfiguration section */
		E388042D21BE109E00A1CEBD /* Debug */ = {
			isa = XCBuildConfiguration;
			buildSettings = {
				ALWAYS_SEARCH_USER_PATHS = NO;
				CLANG_ANALYZER_NONNULL = YES;
				CLANG_ANALYZER_NUMBER_OBJECT_CONVERSION = YES_AGGRESSIVE;
				CLANG_CXX_LANGUAGE_STANDARD = "gnu++14";
				CLANG_CXX_LIBRARY = "libc++";
				CLANG_ENABLE_MODULES = YES;
				CLANG_ENABLE_OBJC_ARC = YES;
				CLANG_ENABLE_OBJC_WEAK = YES;
				CLANG_WARN_BLOCK_CAPTURE_AUTORELEASING = YES;
				CLANG_WARN_BOOL_CONVERSION = YES;
				CLANG_WARN_COMMA = YES;
				CLANG_WARN_CONSTANT_CONVERSION = YES;
				CLANG_WARN_DEPRECATED_OBJC_IMPLEMENTATIONS = YES;
				CLANG_WARN_DIRECT_OBJC_ISA_USAGE = YES_ERROR;
				CLANG_WARN_DOCUMENTATION_COMMENTS = YES;
				CLANG_WARN_EMPTY_BODY = YES;
				CLANG_WARN_ENUM_CONVERSION = YES;
				CLANG_WARN_INFINITE_RECURSION = YES;
				CLANG_WARN_INT_CONVERSION = YES;
				CLANG_WARN_NON_LITERAL_NULL_CONVERSION = YES;
				CLANG_WARN_OBJC_IMPLICIT_RETAIN_SELF = YES;
				CLANG_WARN_OBJC_LITERAL_CONVERSION = YES;
				CLANG_WARN_OBJC_ROOT_CLASS = YES_ERROR;
				CLANG_WARN_RANGE_LOOP_ANALYSIS = YES;
				CLANG_WARN_STRICT_PROTOTYPES = YES;
				CLANG_WARN_SUSPICIOUS_MOVE = YES;
				CLANG_WARN_UNGUARDED_AVAILABILITY = YES_AGGRESSIVE;
				CLANG_WARN_UNREACHABLE_CODE = YES;
				CLANG_WARN__DUPLICATE_METHOD_MATCH = YES;
				CODE_SIGN_IDENTITY = "Mac Developer";
				COPY_PHASE_STRIP = NO;
				DEBUG_INFORMATION_FORMAT = dwarf;
				ENABLE_STRICT_OBJC_MSGSEND = YES;
				ENABLE_TESTABILITY = YES;
				GCC_C_LANGUAGE_STANDARD = gnu11;
				GCC_DYNAMIC_NO_PIC = NO;
				GCC_NO_COMMON_BLOCKS = YES;
				GCC_OPTIMIZATION_LEVEL = 0;
				GCC_PREPROCESSOR_DEFINITIONS = (
					"DEBUG=1",
					"$(inherited)",
				);
				GCC_WARN_64_TO_32_BIT_CONVERSION = YES;
				GCC_WARN_ABOUT_RETURN_TYPE = YES_ERROR;
				GCC_WARN_UNDECLARED_SELECTOR = YES;
				GCC_WARN_UNINITIALIZED_AUTOS = YES_AGGRESSIVE;
				GCC_WARN_UNUSED_FUNCTION = YES;
				GCC_WARN_UNUSED_VARIABLE = YES;
				MACOSX_DEPLOYMENT_TARGET = 10.14;
				MTL_ENABLE_DEBUG_INFO = INCLUDE_SOURCE;
				MTL_FAST_MATH = YES;
				ONLY_ACTIVE_ARCH = YES;
				SDKROOT = macosx;
				SWIFT_ACTIVE_COMPILATION_CONDITIONS = DEBUG;
				SWIFT_OPTIMIZATION_LEVEL = "-Onone";
			};
			name = Debug;
		};
		E388042E21BE109E00A1CEBD /* Release */ = {
			isa = XCBuildConfiguration;
			buildSettings = {
				ALWAYS_SEARCH_USER_PATHS = NO;
				CLANG_ANALYZER_NONNULL = YES;
				CLANG_ANALYZER_NUMBER_OBJECT_CONVERSION = YES_AGGRESSIVE;
				CLANG_CXX_LANGUAGE_STANDARD = "gnu++14";
				CLANG_CXX_LIBRARY = "libc++";
				CLANG_ENABLE_MODULES = YES;
				CLANG_ENABLE_OBJC_ARC = YES;
				CLANG_ENABLE_OBJC_WEAK = YES;
				CLANG_WARN_BLOCK_CAPTURE_AUTORELEASING = YES;
				CLANG_WARN_BOOL_CONVERSION = YES;
				CLANG_WARN_COMMA = YES;
				CLANG_WARN_CONSTANT_CONVERSION = YES;
				CLANG_WARN_DEPRECATED_OBJC_IMPLEMENTATIONS = YES;
				CLANG_WARN_DIRECT_OBJC_ISA_USAGE = YES_ERROR;
				CLANG_WARN_DOCUMENTATION_COMMENTS = YES;
				CLANG_WARN_EMPTY_BODY = YES;
				CLANG_WARN_ENUM_CONVERSION = YES;
				CLANG_WARN_INFINITE_RECURSION = YES;
				CLANG_WARN_INT_CONVERSION = YES;
				CLANG_WARN_NON_LITERAL_NULL_CONVERSION = YES;
				CLANG_WARN_OBJC_IMPLICIT_RETAIN_SELF = YES;
				CLANG_WARN_OBJC_LITERAL_CONVERSION = YES;
				CLANG_WARN_OBJC_ROOT_CLASS = YES_ERROR;
				CLANG_WARN_RANGE_LOOP_ANALYSIS = YES;
				CLANG_WARN_STRICT_PROTOTYPES = YES;
				CLANG_WARN_SUSPICIOUS_MOVE = YES;
				CLANG_WARN_UNGUARDED_AVAILABILITY = YES_AGGRESSIVE;
				CLANG_WARN_UNREACHABLE_CODE = YES;
				CLANG_WARN__DUPLICATE_METHOD_MATCH = YES;
				CODE_SIGN_IDENTITY = "Mac Developer";
				COPY_PHASE_STRIP = NO;
				DEBUG_INFORMATION_FORMAT = "dwarf-with-dsym";
				ENABLE_NS_ASSERTIONS = NO;
				ENABLE_STRICT_OBJC_MSGSEND = YES;
				GCC_C_LANGUAGE_STANDARD = gnu11;
				GCC_NO_COMMON_BLOCKS = YES;
				GCC_WARN_64_TO_32_BIT_CONVERSION = YES;
				GCC_WARN_ABOUT_RETURN_TYPE = YES_ERROR;
				GCC_WARN_UNDECLARED_SELECTOR = YES;
				GCC_WARN_UNINITIALIZED_AUTOS = YES_AGGRESSIVE;
				GCC_WARN_UNUSED_FUNCTION = YES;
				GCC_WARN_UNUSED_VARIABLE = YES;
				MACOSX_DEPLOYMENT_TARGET = 10.14;
				MTL_ENABLE_DEBUG_INFO = NO;
				MTL_FAST_MATH = YES;
				SDKROOT = macosx;
				SWIFT_COMPILATION_MODE = wholemodule;
				SWIFT_OPTIMIZATION_LEVEL = "-O";
			};
			name = Release;
		};
		E388043021BE109E00A1CEBD /* Debug */ = {
			isa = XCBuildConfiguration;
			buildSettings = {
				ALWAYS_EMBED_SWIFT_STANDARD_LIBRARIES = YES;
				ASSETCATALOG_COMPILER_APPICON_NAME = AppIcon;
				CODE_SIGN_ENTITLEMENTS = PrettyJSON/PrettyJSON.entitlements;
				CODE_SIGN_IDENTITY = "-";
				CODE_SIGN_STYLE = Automatic;
				COMBINE_HIDPI_IMAGES = YES;
				CURRENT_PROJECT_VERSION = 5;
				DEVELOPMENT_TEAM = 4C99K25T93;
				INFOPLIST_FILE = PrettyJSON/Info.plist;
				LD_RUNPATH_SEARCH_PATHS = (
					"$(inherited)",
					"@executable_path/../Frameworks",
				);
				PRODUCT_BUNDLE_IDENTIFIER = ai.shamur.bin.PrettyJSON;
				PRODUCT_NAME = "$(TARGET_NAME)";
				SWIFT_VERSION = 5.0;
			};
			name = Debug;
		};
		E388043121BE109E00A1CEBD /* Release */ = {
			isa = XCBuildConfiguration;
			buildSettings = {
				ALWAYS_EMBED_SWIFT_STANDARD_LIBRARIES = YES;
				ASSETCATALOG_COMPILER_APPICON_NAME = AppIcon;
				CODE_SIGN_ENTITLEMENTS = PrettyJSON/PrettyJSON.entitlements;
				CODE_SIGN_IDENTITY = "-";
				CODE_SIGN_STYLE = Automatic;
				COMBINE_HIDPI_IMAGES = YES;
				CURRENT_PROJECT_VERSION = 5;
				DEVELOPMENT_TEAM = 4C99K25T93;
				INFOPLIST_FILE = PrettyJSON/Info.plist;
				LD_RUNPATH_SEARCH_PATHS = (
					"$(inherited)",
					"@executable_path/../Frameworks",
				);
				PRODUCT_BUNDLE_IDENTIFIER = ai.shamur.bin.PrettyJSON;
				PRODUCT_NAME = "$(TARGET_NAME)";
				SWIFT_VERSION = 5.0;
			};
			name = Release;
		};
		E388044C21BE10B700A1CEBD /* Debug */ = {
			isa = XCBuildConfiguration;
			buildSettings = {
				ASSETCATALOG_COMPILER_APPICON_NAME = AppIcon;
				CODE_SIGN_ENTITLEMENTS = SafariExtension/SafariExtension.entitlements;
				CODE_SIGN_IDENTITY = "-";
				CODE_SIGN_STYLE = Automatic;
				CURRENT_PROJECT_VERSION = 5;
				DEVELOPMENT_TEAM = 4C99K25T93;
				INFOPLIST_FILE = SafariExtension/Info.plist;
				LD_RUNPATH_SEARCH_PATHS = (
					"$(inherited)",
					"@executable_path/../Frameworks",
					"@executable_path/../../../../Frameworks",
				);
				PRODUCT_BUNDLE_IDENTIFIER = ai.shamur.bin.PrettyJSON.SafariExtension;
				PRODUCT_NAME = "$(TARGET_NAME)";
				SKIP_INSTALL = YES;
				SWIFT_VERSION = 5.0;
			};
			name = Debug;
		};
		E388044D21BE10B700A1CEBD /* Release */ = {
			isa = XCBuildConfiguration;
			buildSettings = {
				ASSETCATALOG_COMPILER_APPICON_NAME = AppIcon;
				CODE_SIGN_ENTITLEMENTS = SafariExtension/SafariExtension.entitlements;
				CODE_SIGN_IDENTITY = "-";
				CODE_SIGN_STYLE = Automatic;
				CURRENT_PROJECT_VERSION = 5;
				DEVELOPMENT_TEAM = 4C99K25T93;
				INFOPLIST_FILE = SafariExtension/Info.plist;
				LD_RUNPATH_SEARCH_PATHS = (
					"$(inherited)",
					"@executable_path/../Frameworks",
					"@executable_path/../../../../Frameworks",
				);
				PRODUCT_BUNDLE_IDENTIFIER = ai.shamur.bin.PrettyJSON.SafariExtension;
				PRODUCT_NAME = "$(TARGET_NAME)";
				SKIP_INSTALL = YES;
				SWIFT_VERSION = 5.0;
			};
			name = Release;
		};
/* End XCBuildConfiguration section */

/* Begin XCConfigurationList section */
		E388041C21BE109D00A1CEBD /* Build configuration list for PBXProject "PrettyJSON for Safari" */ = {
			isa = XCConfigurationList;
			buildConfigurations = (
				E388042D21BE109E00A1CEBD /* Debug */,
				E388042E21BE109E00A1CEBD /* Release */,
			);
			defaultConfigurationIsVisible = 0;
			defaultConfigurationName = Release;
		};
		E388042F21BE109E00A1CEBD /* Build configuration list for PBXNativeTarget "PrettyJSON for Safari" */ = {
			isa = XCConfigurationList;
			buildConfigurations = (
				E388043021BE109E00A1CEBD /* Debug */,
				E388043121BE109E00A1CEBD /* Release */,
			);
			defaultConfigurationIsVisible = 0;
			defaultConfigurationName = Release;
		};
		E388044B21BE10B700A1CEBD /* Build configuration list for PBXNativeTarget "SafariExtension" */ = {
			isa = XCConfigurationList;
			buildConfigurations = (
				E388044C21BE10B700A1CEBD /* Debug */,
				E388044D21BE10B700A1CEBD /* Release */,
			);
			defaultConfigurationIsVisible = 0;
			defaultConfigurationName = Release;
		};
/* End XCConfigurationList section */
	};
	rootObject = E388041921BE109D00A1CEBD /* Project object */;
}
