// !$*UTF8*$!
{
	archiveVersion = 1;
	classes = {
	};
	objectVersion = 50;
	objects = {

/* Begin PBXBuildFile section */
		E333D0C721B1FBE3001B0D1E /* AppDelegate.swift in Sources */ = {isa = PBXBuildFile; fileRef = E333D0C621B1FBE3001B0D1E /* AppDelegate.swift */; };
		E333D0C921B1FBE4001B0D1E /* Assets.xcassets in Resources */ = {isa = PBXBuildFile; fileRef = E333D0C821B1FBE4001B0D1E /* Assets.xcassets */; };
		E333D0CC21B1FBE4001B0D1E /* MainMenu.xib in Resources */ = {isa = PBXBuildFile; fileRef = E333D0CA21B1FBE4001B0D1E /* MainMenu.xib */; };
		E333D0DB21B1FC11001B0D1E /* Cocoa.framework in Frameworks */ = {isa = PBXBuildFile; fileRef = E333D0DA21B1FC11001B0D1E /* Cocoa.framework */; };
		E333D0DE21B1FC11001B0D1E /* SafariExtensionHandler.swift in Sources */ = {isa = PBXBuildFile; fileRef = E333D0DD21B1FC11001B0D1E /* SafariExtensionHandler.swift */; };
		E333D0E021B1FC11001B0D1E /* SafariExtensionViewController.swift in Sources */ = {isa = PBXBuildFile; fileRef = E333D0DF21B1FC11001B0D1E /* SafariExtensionViewController.swift */; };
		E333D0E321B1FC11001B0D1E /* SafariExtensionViewController.xib in Resources */ = {isa = PBXBuildFile; fileRef = E333D0E121B1FC11001B0D1E /* SafariExtensionViewController.xib */; };
		E333D0E621B1FC11001B0D1E /* prettyJSON.js in Resources */ = {isa = PBXBuildFile; fileRef = E333D0E521B1FC11001B0D1E /* prettyJSON.js */; };
		E333D0EC21B1FC11001B0D1E /* PrettyJSON.appex in Embed App Extensions */ = {isa = PBXBuildFile; fileRef = E333D0D821B1FC11001B0D1E /* PrettyJSON.appex */; settings = {ATTRIBUTES = (RemoveHeadersOnCopy, ); }; };
		E333D0F221B1FFC2001B0D1E /* prettyJSON.css in Resources */ = {isa = PBXBuildFile; fileRef = E333D0F121B1FFC2001B0D1E /* prettyJSON.css */; };
		E36EFAAA21B2616100F6EEF6 /* js-off.pdf in Resources */ = {isa = PBXBuildFile; fileRef = E36EFAA821B2616100F6EEF6 /* js-off.pdf */; };
		E36EFAAB21B2616100F6EEF6 /* js-on.pdf in Resources */ = {isa = PBXBuildFile; fileRef = E36EFAA921B2616100F6EEF6 /* js-on.pdf */; };
		E36EFAAD21B267E700F6EEF6 /* js-dis.pdf in Resources */ = {isa = PBXBuildFile; fileRef = E36EFAAC21B267E700F6EEF6 /* js-dis.pdf */; };
/* End PBXBuildFile section */

/* Begin PBXContainerItemProxy section */
		E333D0EA21B1FC11001B0D1E /* PBXContainerItemProxy */ = {
			isa = PBXContainerItemProxy;
			containerPortal = E333D0BB21B1FBE3001B0D1E /* Project object */;
			proxyType = 1;
			remoteGlobalIDString = E333D0D721B1FC11001B0D1E;
			remoteInfo = PrettyJSON;
		};
/* End PBXContainerItemProxy section */

/* Begin PBXCopyFilesBuildPhase section */
		E333D0F021B1FC11001B0D1E /* Embed App Extensions */ = {
			isa = PBXCopyFilesBuildPhase;
			buildActionMask = 2147483647;
			dstPath = "";
			dstSubfolderSpec = 13;
			files = (
				E333D0EC21B1FC11001B0D1E /* PrettyJSON.appex in Embed App Extensions */,
			);
			name = "Embed App Extensions";
			runOnlyForDeploymentPostprocessing = 0;
		};
/* End PBXCopyFilesBuildPhase section */

/* Begin PBXFileReference section */
		E333D0C321B1FBE3001B0D1E /* SafariExtensions.app */ = {isa = PBXFileReference; explicitFileType = wrapper.application; includeInIndex = 0; path = SafariExtensions.app; sourceTree = BUILT_PRODUCTS_DIR; };
		E333D0C621B1FBE3001B0D1E /* AppDelegate.swift */ = {isa = PBXFileReference; lastKnownFileType = sourcecode.swift; path = AppDelegate.swift; sourceTree = "<group>"; };
		E333D0C821B1FBE4001B0D1E /* Assets.xcassets */ = {isa = PBXFileReference; lastKnownFileType = folder.assetcatalog; path = Assets.xcassets; sourceTree = "<group>"; };
		E333D0CB21B1FBE4001B0D1E /* Base */ = {isa = PBXFileReference; lastKnownFileType = file.xib; name = Base; path = Base.lproj/MainMenu.xib; sourceTree = "<group>"; };
		E333D0CD21B1FBE4001B0D1E /* Info.plist */ = {isa = PBXFileReference; lastKnownFileType = text.plist.xml; path = Info.plist; sourceTree = "<group>"; };
		E333D0CE21B1FBE4001B0D1E /* SafariExtensions.entitlements */ = {isa = PBXFileReference; lastKnownFileType = text.plist.entitlements; path = SafariExtensions.entitlements; sourceTree = "<group>"; };
		E333D0D821B1FC11001B0D1E /* PrettyJSON.appex */ = {isa = PBXFileReference; explicitFileType = "wrapper.app-extension"; includeInIndex = 0; path = PrettyJSON.appex; sourceTree = BUILT_PRODUCTS_DIR; };
		E333D0DA21B1FC11001B0D1E /* Cocoa.framework */ = {isa = PBXFileReference; lastKnownFileType = wrapper.framework; name = Cocoa.framework; path = System/Library/Frameworks/Cocoa.framework; sourceTree = SDKROOT; };
		E333D0DD21B1FC11001B0D1E /* SafariExtensionHandler.swift */ = {isa = PBXFileReference; lastKnownFileType = sourcecode.swift; path = SafariExtensionHandler.swift; sourceTree = "<group>"; };
		E333D0DF21B1FC11001B0D1E /* SafariExtensionViewController.swift */ = {isa = PBXFileReference; lastKnownFileType = sourcecode.swift; path = SafariExtensionViewController.swift; sourceTree = "<group>"; };
		E333D0E221B1FC11001B0D1E /* Base */ = {isa = PBXFileReference; lastKnownFileType = file.xib; name = Base; path = Base.lproj/SafariExtensionViewController.xib; sourceTree = "<group>"; };
		E333D0E421B1FC11001B0D1E /* Info.plist */ = {isa = PBXFileReference; lastKnownFileType = text.plist.xml; path = Info.plist; sourceTree = "<group>"; };
		E333D0E521B1FC11001B0D1E /* prettyJSON.js */ = {isa = PBXFileReference; lastKnownFileType = sourcecode.javascript; path = prettyJSON.js; sourceTree = "<group>"; };
		E333D0E921B1FC11001B0D1E /* PrettyJSON.entitlements */ = {isa = PBXFileReference; lastKnownFileType = text.plist.entitlements; path = PrettyJSON.entitlements; sourceTree = "<group>"; };
		E333D0F121B1FFC2001B0D1E /* prettyJSON.css */ = {isa = PBXFileReference; lastKnownFileType = text.css; path = prettyJSON.css; sourceTree = "<group>"; };
		E36EFAA821B2616100F6EEF6 /* js-off.pdf */ = {isa = PBXFileReference; lastKnownFileType = image.pdf; path = "js-off.pdf"; sourceTree = "<group>"; };
		E36EFAA921B2616100F6EEF6 /* js-on.pdf */ = {isa = PBXFileReference; lastKnownFileType = image.pdf; path = "js-on.pdf"; sourceTree = "<group>"; };
		E36EFAAC21B267E700F6EEF6 /* js-dis.pdf */ = {isa = PBXFileReference; lastKnownFileType = image.pdf; path = "js-dis.pdf"; sourceTree = "<group>"; };
/* End PBXFileReference section */

/* Begin PBXFrameworksBuildPhase section */
		E333D0C021B1FBE3001B0D1E /* Frameworks */ = {
			isa = PBXFrameworksBuildPhase;
			buildActionMask = 2147483647;
			files = (
			);
			runOnlyForDeploymentPostprocessing = 0;
		};
		E333D0D521B1FC11001B0D1E /* Frameworks */ = {
			isa = PBXFrameworksBuildPhase;
			buildActionMask = 2147483647;
			files = (
				E333D0DB21B1FC11001B0D1E /* Cocoa.framework in Frameworks */,
			);
			runOnlyForDeploymentPostprocessing = 0;
		};
/* End PBXFrameworksBuildPhase section */

/* Begin PBXGroup section */
		E333D0BA21B1FBE3001B0D1E = {
			isa = PBXGroup;
			children = (
				E333D0C521B1FBE3001B0D1E /* SafariExtensions */,
				E333D0DC21B1FC11001B0D1E /* PrettyJSON */,
				E333D0D921B1FC11001B0D1E /* Frameworks */,
				E333D0C421B1FBE3001B0D1E /* Products */,
			);
			sourceTree = "<group>";
		};
		E333D0C421B1FBE3001B0D1E /* Products */ = {
			isa = PBXGroup;
			children = (
				E333D0C321B1FBE3001B0D1E /* SafariExtensions.app */,
				E333D0D821B1FC11001B0D1E /* PrettyJSON.appex */,
			);
			name = Products;
			sourceTree = "<group>";
		};
		E333D0C521B1FBE3001B0D1E /* SafariExtensions */ = {
			isa = PBXGroup;
			children = (
				E333D0C621B1FBE3001B0D1E /* AppDelegate.swift */,
				E333D0C821B1FBE4001B0D1E /* Assets.xcassets */,
				E333D0CA21B1FBE4001B0D1E /* MainMenu.xib */,
				E333D0CD21B1FBE4001B0D1E /* Info.plist */,
				E333D0CE21B1FBE4001B0D1E /* SafariExtensions.entitlements */,
			);
			path = SafariExtensions;
			sourceTree = "<group>";
		};
		E333D0D921B1FC11001B0D1E /* Frameworks */ = {
			isa = PBXGroup;
			children = (
				E333D0DA21B1FC11001B0D1E /* Cocoa.framework */,
			);
			name = Frameworks;
			sourceTree = "<group>";
		};
		E333D0DC21B1FC11001B0D1E /* PrettyJSON */ = {
			isa = PBXGroup;
			children = (
				E36EFAAC21B267E700F6EEF6 /* js-dis.pdf */,
				E36EFAA821B2616100F6EEF6 /* js-off.pdf */,
				E36EFAA921B2616100F6EEF6 /* js-on.pdf */,
				E333D0DD21B1FC11001B0D1E /* SafariExtensionHandler.swift */,
				E333D0DF21B1FC11001B0D1E /* SafariExtensionViewController.swift */,
				E333D0E121B1FC11001B0D1E /* SafariExtensionViewController.xib */,
				E333D0E521B1FC11001B0D1E /* prettyJSON.js */,
				E333D0F121B1FFC2001B0D1E /* prettyJSON.css */,
				E333D0E421B1FC11001B0D1E /* Info.plist */,
				E333D0E921B1FC11001B0D1E /* PrettyJSON.entitlements */,
			);
			path = PrettyJSON;
			sourceTree = "<group>";
		};
/* End PBXGroup section */

/* Begin PBXNativeTarget section */
		E333D0C221B1FBE3001B0D1E /* SafariExtensions */ = {
			isa = PBXNativeTarget;
			buildConfigurationList = E333D0D121B1FBE4001B0D1E /* Build configuration list for PBXNativeTarget "SafariExtensions" */;
			buildPhases = (
				E333D0BF21B1FBE3001B0D1E /* Sources */,
				E333D0C021B1FBE3001B0D1E /* Frameworks */,
				E333D0C121B1FBE3001B0D1E /* Resources */,
				E333D0F021B1FC11001B0D1E /* Embed App Extensions */,
			);
			buildRules = (
			);
			dependencies = (
				E333D0EB21B1FC11001B0D1E /* PBXTargetDependency */,
			);
			name = SafariExtensions;
			productName = SafariExtensions;
			productReference = E333D0C321B1FBE3001B0D1E /* SafariExtensions.app */;
			productType = "com.apple.product-type.application";
		};
		E333D0D721B1FC11001B0D1E /* PrettyJSON */ = {
			isa = PBXNativeTarget;
			buildConfigurationList = E333D0ED21B1FC11001B0D1E /* Build configuration list for PBXNativeTarget "PrettyJSON" */;
			buildPhases = (
				E333D0D421B1FC11001B0D1E /* Sources */,
				E333D0D521B1FC11001B0D1E /* Frameworks */,
				E333D0D621B1FC11001B0D1E /* Resources */,
			);
			buildRules = (
			);
			dependencies = (
			);
			name = PrettyJSON;
			productName = PrettyJSON;
			productReference = E333D0D821B1FC11001B0D1E /* PrettyJSON.appex */;
			productType = "com.apple.product-type.app-extension";
		};
/* End PBXNativeTarget section */

/* Begin PBXProject section */
		E333D0BB21B1FBE3001B0D1E /* Project object */ = {
			isa = PBXProject;
			attributes = {
				LastSwiftUpdateCheck = 1010;
				LastUpgradeCheck = 1010;
				ORGANIZATIONNAME = shaumur.ai;
				TargetAttributes = {
					E333D0C221B1FBE3001B0D1E = {
						CreatedOnToolsVersion = 10.1;
					};
					E333D0D721B1FC11001B0D1E = {
						CreatedOnToolsVersion = 10.1;
					};
				};
			};
			buildConfigurationList = E333D0BE21B1FBE3001B0D1E /* Build configuration list for PBXProject "SafariExtensions" */;
			compatibilityVersion = "Xcode 9.3";
			developmentRegion = en;
			hasScannedForEncodings = 0;
			knownRegions = (
				en,
				Base,
			);
			mainGroup = E333D0BA21B1FBE3001B0D1E;
			productRefGroup = E333D0C421B1FBE3001B0D1E /* Products */;
			projectDirPath = "";
			projectRoot = "";
			targets = (
				E333D0C221B1FBE3001B0D1E /* SafariExtensions */,
				E333D0D721B1FC11001B0D1E /* PrettyJSON */,
			);
		};
/* End PBXProject section */

/* Begin PBXResourcesBuildPhase section */
		E333D0C121B1FBE3001B0D1E /* Resources */ = {
			isa = PBXResourcesBuildPhase;
			buildActionMask = 2147483647;
			files = (
				E333D0C921B1FBE4001B0D1E /* Assets.xcassets in Resources */,
				E333D0CC21B1FBE4001B0D1E /* MainMenu.xib in Resources */,
			);
			runOnlyForDeploymentPostprocessing = 0;
		};
		E333D0D621B1FC11001B0D1E /* Resources */ = {
			isa = PBXResourcesBuildPhase;
			buildActionMask = 2147483647;
			files = (
				E36EFAAB21B2616100F6EEF6 /* js-on.pdf in Resources */,
				E36EFAAD21B267E700F6EEF6 /* js-dis.pdf in Resources */,
				E36EFAAA21B2616100F6EEF6 /* js-off.pdf in Resources */,
				E333D0F221B1FFC2001B0D1E /* prettyJSON.css in Resources */,
				E333D0E321B1FC11001B0D1E /* SafariExtensionViewController.xib in Resources */,
				E333D0E621B1FC11001B0D1E /* prettyJSON.js in Resources */,
			);
			runOnlyForDeploymentPostprocessing = 0;
		};
/* End PBXResourcesBuildPhase section */

/* Begin PBXSourcesBuildPhase section */
		E333D0BF21B1FBE3001B0D1E /* Sources */ = {
			isa = PBXSourcesBuildPhase;
			buildActionMask = 2147483647;
			files = (
				E333D0C721B1FBE3001B0D1E /* AppDelegate.swift in Sources */,
			);
			runOnlyForDeploymentPostprocessing = 0;
		};
		E333D0D421B1FC11001B0D1E /* Sources */ = {
			isa = PBXSourcesBuildPhase;
			buildActionMask = 2147483647;
			files = (
				E333D0E021B1FC11001B0D1E /* SafariExtensionViewController.swift in Sources */,
				E333D0DE21B1FC11001B0D1E /* SafariExtensionHandler.swift in Sources */,
			);
			runOnlyForDeploymentPostprocessing = 0;
		};
/* End PBXSourcesBuildPhase section */

/* Begin PBXTargetDependency section */
		E333D0EB21B1FC11001B0D1E /* PBXTargetDependency */ = {
			isa = PBXTargetDependency;
			target = E333D0D721B1FC11001B0D1E /* PrettyJSON */;
			targetProxy = E333D0EA21B1FC11001B0D1E /* PBXContainerItemProxy */;
		};
/* End PBXTargetDependency section */

/* Begin PBXVariantGroup section */
		E333D0CA21B1FBE4001B0D1E /* MainMenu.xib */ = {
			isa = PBXVariantGroup;
			children = (
				E333D0CB21B1FBE4001B0D1E /* Base */,
			);
			name = MainMenu.xib;
			sourceTree = "<group>";
		};
		E333D0E121B1FC11001B0D1E /* SafariExtensionViewController.xib */ = {
			isa = PBXVariantGroup;
			children = (
				E333D0E221B1FC11001B0D1E /* Base */,
			);
			name = SafariExtensionViewController.xib;
			sourceTree = "<group>";
		};
/* End PBXVariantGroup section */

/* Begin XCBuildConfiguration section */
		E333D0CF21B1FBE4001B0D1E /* Debug */ = {
			isa = XCBuildConfiguration;
			buildSettings = {
				ALWAYS_SEARCH_USER_PATHS = NO;
				CLANG_ANALYZER_NONNULL = YES;
				CLANG_ANALYZER_NUMBER_OBJECT_CONVERSION = YES_AGGRESSIVE;
				CLANG_CXX_LANGUAGE_STANDARD = "gnu++14";
				CLANG_CXX_LIBRARY = "libc++";
				CLANG_ENABLE_MODULES = YES;
				CLANG_ENABLE_OBJC_ARC = YES;
				CLANG_ENABLE_OBJC_WEAK = YES;
				CLANG_WARN_BLOCK_CAPTURE_AUTORELEASING = YES;
				CLANG_WARN_BOOL_CONVERSION = YES;
				CLANG_WARN_COMMA = YES;
				CLANG_WARN_CONSTANT_CONVERSION = YES;
				CLANG_WARN_DEPRECATED_OBJC_IMPLEMENTATIONS = YES;
				CLANG_WARN_DIRECT_OBJC_ISA_USAGE = YES_ERROR;
				CLANG_WARN_DOCUMENTATION_COMMENTS = YES;
				CLANG_WARN_EMPTY_BODY = YES;
				CLANG_WARN_ENUM_CONVERSION = YES;
				CLANG_WARN_INFINITE_RECURSION = YES;
				CLANG_WARN_INT_CONVERSION = YES;
				CLANG_WARN_NON_LITERAL_NULL_CONVERSION = YES;
				CLANG_WARN_OBJC_IMPLICIT_RETAIN_SELF = YES;
				CLANG_WARN_OBJC_LITERAL_CONVERSION = YES;
				CLANG_WARN_OBJC_ROOT_CLASS = YES_ERROR;
				CLANG_WARN_RANGE_LOOP_ANALYSIS = YES;
				CLANG_WARN_STRICT_PROTOTYPES = YES;
				CLANG_WARN_SUSPICIOUS_MOVE = YES;
				CLANG_WARN_UNGUARDED_AVAILABILITY = YES_AGGRESSIVE;
				CLANG_WARN_UNREACHABLE_CODE = YES;
				CLANG_WARN__DUPLICATE_METHOD_MATCH = YES;
				CODE_SIGN_IDENTITY = "Mac Developer";
				COPY_PHASE_STRIP = NO;
				DEBUG_INFORMATION_FORMAT = dwarf;
				ENABLE_STRICT_OBJC_MSGSEND = YES;
				ENABLE_TESTABILITY = YES;
				GCC_C_LANGUAGE_STANDARD = gnu11;
				GCC_DYNAMIC_NO_PIC = NO;
				GCC_NO_COMMON_BLOCKS = YES;
				GCC_OPTIMIZATION_LEVEL = 0;
				GCC_PREPROCESSOR_DEFINITIONS = (
					"DEBUG=1",
					"$(inherited)",
				);
				GCC_WARN_64_TO_32_BIT_CONVERSION = YES;
				GCC_WARN_ABOUT_RETURN_TYPE = YES_ERROR;
				GCC_WARN_UNDECLARED_SELECTOR = YES;
				GCC_WARN_UNINITIALIZED_AUTOS = YES_AGGRESSIVE;
				GCC_WARN_UNUSED_FUNCTION = YES;
				GCC_WARN_UNUSED_VARIABLE = YES;
				MACOSX_DEPLOYMENT_TARGET = 10.14;
				MTL_ENABLE_DEBUG_INFO = INCLUDE_SOURCE;
				MTL_FAST_MATH = YES;
				ONLY_ACTIVE_ARCH = YES;
				SDKROOT = macosx;
				SWIFT_ACTIVE_COMPILATION_CONDITIONS = DEBUG;
				SWIFT_OPTIMIZATION_LEVEL = "-Onone";
			};
			name = Debug;
		};
		E333D0D021B1FBE4001B0D1E /* Release */ = {
			isa = XCBuildConfiguration;
			buildSettings = {
				ALWAYS_SEARCH_USER_PATHS = NO;
				CLANG_ANALYZER_NONNULL = YES;
				CLANG_ANALYZER_NUMBER_OBJECT_CONVERSION = YES_AGGRESSIVE;
				CLANG_CXX_LANGUAGE_STANDARD = "gnu++14";
				CLANG_CXX_LIBRARY = "libc++";
				CLANG_ENABLE_MODULES = YES;
				CLANG_ENABLE_OBJC_ARC = YES;
				CLANG_ENABLE_OBJC_WEAK = YES;
				CLANG_WARN_BLOCK_CAPTURE_AUTORELEASING = YES;
				CLANG_WARN_BOOL_CONVERSION = YES;
				CLANG_WARN_COMMA = YES;
				CLANG_WARN_CONSTANT_CONVERSION = YES;
				CLANG_WARN_DEPRECATED_OBJC_IMPLEMENTATIONS = YES;
				CLANG_WARN_DIRECT_OBJC_ISA_USAGE = YES_ERROR;
				CLANG_WARN_DOCUMENTATION_COMMENTS = YES;
				CLANG_WARN_EMPTY_BODY = YES;
				CLANG_WARN_ENUM_CONVERSION = YES;
				CLANG_WARN_INFINITE_RECURSION = YES;
				CLANG_WARN_INT_CONVERSION = YES;
				CLANG_WARN_NON_LITERAL_NULL_CONVERSION = YES;
				CLANG_WARN_OBJC_IMPLICIT_RETAIN_SELF = YES;
				CLANG_WARN_OBJC_LITERAL_CONVERSION = YES;
				CLANG_WARN_OBJC_ROOT_CLASS = YES_ERROR;
				CLANG_WARN_RANGE_LOOP_ANALYSIS = YES;
				CLANG_WARN_STRICT_PROTOTYPES = YES;
				CLANG_WARN_SUSPICIOUS_MOVE = YES;
				CLANG_WARN_UNGUARDED_AVAILABILITY = YES_AGGRESSIVE;
				CLANG_WARN_UNREACHABLE_CODE = YES;
				CLANG_WARN__DUPLICATE_METHOD_MATCH = YES;
				CODE_SIGN_IDENTITY = "Mac Developer";
				COPY_PHASE_STRIP = NO;
				DEBUG_INFORMATION_FORMAT = "dwarf-with-dsym";
				ENABLE_NS_ASSERTIONS = NO;
				ENABLE_STRICT_OBJC_MSGSEND = YES;
				GCC_C_LANGUAGE_STANDARD = gnu11;
				GCC_NO_COMMON_BLOCKS = YES;
				GCC_WARN_64_TO_32_BIT_CONVERSION = YES;
				GCC_WARN_ABOUT_RETURN_TYPE = YES_ERROR;
				GCC_WARN_UNDECLARED_SELECTOR = YES;
				GCC_WARN_UNINITIALIZED_AUTOS = YES_AGGRESSIVE;
				GCC_WARN_UNUSED_FUNCTION = YES;
				GCC_WARN_UNUSED_VARIABLE = YES;
				MACOSX_DEPLOYMENT_TARGET = 10.14;
				MTL_ENABLE_DEBUG_INFO = NO;
				MTL_FAST_MATH = YES;
				SDKROOT = macosx;
				SWIFT_COMPILATION_MODE = wholemodule;
				SWIFT_OPTIMIZATION_LEVEL = "-O";
			};
			name = Release;
		};
		E333D0D221B1FBE4001B0D1E /* Debug */ = {
			isa = XCBuildConfiguration;
			buildSettings = {
				ALWAYS_EMBED_SWIFT_STANDARD_LIBRARIES = YES;
				ASSETCATALOG_COMPILER_APPICON_NAME = AppIcon;
				CODE_SIGN_ENTITLEMENTS = SafariExtensions/SafariExtensions.entitlements;
				CODE_SIGN_STYLE = Automatic;
				COMBINE_HIDPI_IMAGES = YES;
				DEVELOPMENT_TEAM = 4C99K25T93;
				INFOPLIST_FILE = SafariExtensions/Info.plist;
				LD_RUNPATH_SEARCH_PATHS = (
					"$(inherited)",
					"@executable_path/../Frameworks",
				);
				PRODUCT_BUNDLE_IDENTIFIER = ai.shamur.bin.SafariExtensions;
				PRODUCT_NAME = "$(TARGET_NAME)";
				SWIFT_VERSION = 4.2;
			};
			name = Debug;
		};
		E333D0D321B1FBE4001B0D1E /* Release */ = {
			isa = XCBuildConfiguration;
			buildSettings = {
				ALWAYS_EMBED_SWIFT_STANDARD_LIBRARIES = YES;
				ASSETCATALOG_COMPILER_APPICON_NAME = AppIcon;
				CODE_SIGN_ENTITLEMENTS = SafariExtensions/SafariExtensions.entitlements;
				CODE_SIGN_STYLE = Automatic;
				COMBINE_HIDPI_IMAGES = YES;
				DEVELOPMENT_TEAM = 4C99K25T93;
				INFOPLIST_FILE = SafariExtensions/Info.plist;
				LD_RUNPATH_SEARCH_PATHS = (
					"$(inherited)",
					"@executable_path/../Frameworks",
				);
				PRODUCT_BUNDLE_IDENTIFIER = ai.shamur.bin.SafariExtensions;
				PRODUCT_NAME = "$(TARGET_NAME)";
				SWIFT_VERSION = 4.2;
			};
			name = Release;
		};
		E333D0EE21B1FC11001B0D1E /* Debug */ = {
			isa = XCBuildConfiguration;
			buildSettings = {
				CODE_SIGN_ENTITLEMENTS = PrettyJSON/PrettyJSON.entitlements;
				CODE_SIGN_STYLE = Automatic;
				DEVELOPMENT_TEAM = 4C99K25T93;
				INFOPLIST_FILE = PrettyJSON/Info.plist;
				LD_RUNPATH_SEARCH_PATHS = (
					"$(inherited)",
					"@executable_path/../Frameworks",
					"@executable_path/../../../../Frameworks",
				);
				PRODUCT_BUNDLE_IDENTIFIER = ai.shamur.bin.SafariExtensions.PrettyJSON;
				PRODUCT_NAME = "$(TARGET_NAME)";
				SKIP_INSTALL = YES;
				SWIFT_VERSION = 4.2;
			};
			name = Debug;
		};
		E333D0EF21B1FC11001B0D1E /* Release */ = {
			isa = XCBuildConfiguration;
			buildSettings = {
				CODE_SIGN_ENTITLEMENTS = PrettyJSON/PrettyJSON.entitlements;
				CODE_SIGN_STYLE = Automatic;
				DEVELOPMENT_TEAM = 4C99K25T93;
				INFOPLIST_FILE = PrettyJSON/Info.plist;
				LD_RUNPATH_SEARCH_PATHS = (
					"$(inherited)",
					"@executable_path/../Frameworks",
					"@executable_path/../../../../Frameworks",
				);
				PRODUCT_BUNDLE_IDENTIFIER = ai.shamur.bin.SafariExtensions.PrettyJSON;
				PRODUCT_NAME = "$(TARGET_NAME)";
				SKIP_INSTALL = YES;
				SWIFT_VERSION = 4.2;
			};
			name = Release;
		};
/* End XCBuildConfiguration section */

/* Begin XCConfigurationList section */
		E333D0BE21B1FBE3001B0D1E /* Build configuration list for PBXProject "SafariExtensions" */ = {
			isa = XCConfigurationList;
			buildConfigurations = (
				E333D0CF21B1FBE4001B0D1E /* Debug */,
				E333D0D021B1FBE4001B0D1E /* Release */,
			);
			defaultConfigurationIsVisible = 0;
			defaultConfigurationName = Release;
		};
		E333D0D121B1FBE4001B0D1E /* Build configuration list for PBXNativeTarget "SafariExtensions" */ = {
			isa = XCConfigurationList;
			buildConfigurations = (
				E333D0D221B1FBE4001B0D1E /* Debug */,
				E333D0D321B1FBE4001B0D1E /* Release */,
			);
			defaultConfigurationIsVisible = 0;
			defaultConfigurationName = Release;
		};
		E333D0ED21B1FC11001B0D1E /* Build configuration list for PBXNativeTarget "PrettyJSON" */ = {
			isa = XCConfigurationList;
			buildConfigurations = (
				E333D0EE21B1FC11001B0D1E /* Debug */,
				E333D0EF21B1FC11001B0D1E /* Release */,
			);
			defaultConfigurationIsVisible = 0;
			defaultConfigurationName = Release;
		};
/* End XCConfigurationList section */
	};
	rootObject = E333D0BB21B1FBE3001B0D1E /* Project object */;
}
